
Microsoft Visual Studio Solution File, Format Version 11.00
# Visual Studio 2010
Project("{FAE04EC0-301F-11D3-BF4B-00C04F79EFBC}") = "NovGIS.OpenPlot.Core", "NovGIS.OpenPlot.Core\NovGIS.OpenPlot.Core.csproj", "{27C208D1-5C30-4F0A-9E4B-942921394F53}"
EndProject
Project("{FAE04EC0-301F-11D3-BF4B-00C04F79EFBC}") = "NovGIS.OpenPlot.Controls", "NovGIS.OpenPlot.Controls\NovGIS.OpenPlot.Controls.csproj", "{A62D7EE6-F4D5-4858-96B5-A815EA4EB466}"
EndProject
Project("{FAE04EC0-301F-11D3-BF4B-00C04F79EFBC}") = "NovGIS.OpenPlot.Samples.Dev", "NovGIS.OpenPlot.Samples.Dev\NovGIS.OpenPlot.Samples.Dev.csproj", "{DD228A35-2006-4692-8284-A8CCA68C22C1}"
EndProject
Project("{FAE04EC0-301F-11D3-BF4B-00C04F79EFBC}") = "NovGIS.OpenPlot.UnitTest", "NovGIS.OpenPlot.UnitTest\NovGIS.OpenPlot.UnitTest.csproj", "{5CEC76D7-7638-4C39-A887-FFF90AAED4EA}"
EndProject
Global
	GlobalSection(SolutionConfigurationPlatforms) = preSolution
		Debug|Any CPU = Debug|Any CPU
		Debug|Mixed Platforms = Debug|Mixed Platforms
		Debug|x86 = Debug|x86
		Release|Any CPU = Release|Any CPU
		Release|Mixed Platforms = Release|Mixed Platforms
		Release|x86 = Release|x86
	EndGlobalSection
	GlobalSection(ProjectConfigurationPlatforms) = postSolution
		{27C208D1-5C30-4F0A-9E4B-942921394F53}.Debug|Any CPU.ActiveCfg = Debug|Any CPU
		{27C208D1-5C30-4F0A-9E4B-942921394F53}.Debug|Any CPU.Build.0 = Debug|Any CPU
		{27C208D1-5C30-4F0A-9E4B-942921394F53}.Debug|Mixed Platforms.ActiveCfg = Debug|Any CPU
		{27C208D1-5C30-4F0A-9E4B-942921394F53}.Debug|Mixed Platforms.Build.0 = Debug|Any CPU
		{27C208D1-5C30-4F0A-9E4B-942921394F53}.Debug|x86.ActiveCfg = Debug|Any CPU
		{27C208D1-5C30-4F0A-9E4B-942921394F53}.Release|Any CPU.ActiveCfg = Release|Any CPU
		{27C208D1-5C30-4F0A-9E4B-942921394F53}.Release|Any CPU.Build.0 = Release|Any CPU
		{27C208D1-5C30-4F0A-9E4B-942921394F53}.Release|Mixed Platforms.ActiveCfg = Release|Any CPU
		{27C208D1-5C30-4F0A-9E4B-942921394F53}.Release|Mixed Platforms.Build.0 = Release|Any CPU
		{27C208D1-5C30-4F0A-9E4B-942921394F53}.Release|x86.ActiveCfg = Release|Any CPU
		{A62D7EE6-F4D5-4858-96B5-A815EA4EB466}.Debug|Any CPU.ActiveCfg = Debug|Any CPU
		{A62D7EE6-F4D5-4858-96B5-A815EA4EB466}.Debug|Any CPU.Build.0 = Debug|Any CPU
		{A62D7EE6-F4D5-4858-96B5-A815EA4EB466}.Debug|Mixed Platforms.ActiveCfg = Debug|Any CPU
		{A62D7EE6-F4D5-4858-96B5-A815EA4EB466}.Debug|Mixed Platforms.Build.0 = Debug|Any CPU
		{A62D7EE6-F4D5-4858-96B5-A815EA4EB466}.Debug|x86.ActiveCfg = Debug|Any CPU
		{A62D7EE6-F4D5-4858-96B5-A815EA4EB466}.Release|Any CPU.ActiveCfg = Release|Any CPU
		{A62D7EE6-F4D5-4858-96B5-A815EA4EB466}.Release|Any CPU.Build.0 = Release|Any CPU
		{A62D7EE6-F4D5-4858-96B5-A815EA4EB466}.Release|Mixed Platforms.ActiveCfg = Release|Any CPU
		{A62D7EE6-F4D5-4858-96B5-A815EA4EB466}.Release|Mixed Platforms.Build.0 = Release|Any CPU
		{A62D7EE6-F4D5-4858-96B5-A815EA4EB466}.Release|x86.ActiveCfg = Release|Any CPU
		{DD228A35-2006-4692-8284-A8CCA68C22C1}.Debug|Any CPU.ActiveCfg = Debug|x86
		{DD228A35-2006-4692-8284-A8CCA68C22C1}.Debug|Mixed Platforms.ActiveCfg = Debug|x86
		{DD228A35-2006-4692-8284-A8CCA68C22C1}.Debug|Mixed Platforms.Build.0 = Debug|x86
		{DD228A35-2006-4692-8284-A8CCA68C22C1}.Debug|x86.ActiveCfg = Debug|x86
		{DD228A35-2006-4692-8284-A8CCA68C22C1}.Debug|x86.Build.0 = Debug|x86
		{DD228A35-2006-4692-8284-A8CCA68C22C1}.Release|Any CPU.ActiveCfg = Release|x86
		{DD228A35-2006-4692-8284-A8CCA68C22C1}.Release|Mixed Platforms.ActiveCfg = Release|x86
		{DD228A35-2006-4692-8284-A8CCA68C22C1}.Release|Mixed Platforms.Build.0 = Release|x86
		{DD228A35-2006-4692-8284-A8CCA68C22C1}.Release|x86.ActiveCfg = Release|x86
		{DD228A35-2006-4692-8284-A8CCA68C22C1}.Release|x86.Build.0 = Release|x86
		{5CEC76D7-7638-4C39-A887-FFF90AAED4EA}.Debug|Any CPU.ActiveCfg = Debug|x86
		{5CEC76D7-7638-4C39-A887-FFF90AAED4EA}.Debug|Mixed Platforms.ActiveCfg = Debug|x86
		{5CEC76D7-7638-4C39-A887-FFF90AAED4EA}.Debug|Mixed Platforms.Build.0 = Debug|x86
		{5CEC76D7-7638-4C39-A887-FFF90AAED4EA}.Debug|x86.ActiveCfg = Debug|x86
		{5CEC76D7-7638-4C39-A887-FFF90AAED4EA}.Debug|x86.Build.0 = Debug|x86
		{5CEC76D7-7638-4C39-A887-FFF90AAED4EA}.Release|Any CPU.ActiveCfg = Release|x86
		{5CEC76D7-7638-4C39-A887-FFF90AAED4EA}.Release|Mixed Platforms.ActiveCfg = Release|x86
		{5CEC76D7-7638-4C39-A887-FFF90AAED4EA}.Release|Mixed Platforms.Build.0 = Release|x86
		{5CEC76D7-7638-4C39-A887-FFF90AAED4EA}.Release|x86.ActiveCfg = Release|x86
		{5CEC76D7-7638-4C39-A887-FFF90AAED4EA}.Release|x86.Build.0 = Release|x86
	EndGlobalSection
	GlobalSection(SolutionProperties) = preSolution
		HideSolutionNode = FALSE
	EndGlobalSection
EndGlobal
